
Microsoft Visual Studio Solution File, Format Version 12.00
# Visual Studio Version 17
VisualStudioVersion = 17.12.35506.116
MinimumVisualStudioVersion = 10.0.40219.1
Project("{2150E333-8FDC-42A3-9474-1A3956D46DE8}") = "DeviceSimulator", "DeviceSimulator", "{D5DD7A97-689A-4D0C-943F-D7DAC80621DE}"
EndProject
Project("{FAE04EC0-301F-11D3-BF4B-00C04F79EFBC}") = "DeviceSimulator.API", "DeviceSimulator\DeviceSimulator.API\DeviceSimulator.API.csproj", "{444C3BA7-57B4-4713-A615-F1CCE3550184}"
EndProject
Project("{2150E333-8FDC-42A3-9474-1A3956D46DE8}") = "BuildingBlocks", "BuildingBlocks", "{D956FC34-2CA5-4100-9031-5F016FF7D694}"
EndProject
Project("{FAE04EC0-301F-11D3-BF4B-00C04F79EFBC}") = "BuildingBlocks", "BuildingBlocks\BuildingBlocks\BuildingBlocks.csproj", "{320A87B5-A16E-4527-8F9A-E4FA5C1B8C8A}"
EndProject
Project("{FAE04EC0-301F-11D3-BF4B-00C04F79EFBC}") = "BuildingBlocks.Messaging", "BuildingBlocks\BuildingBlocks.Messaging\BuildingBlocks.Messaging.csproj", "{4048124B-5E7B-44BF-A61E-F5F041C758D9}"
EndProject
Project("{E53339B2-1760-4266-BCC7-CA923CBCF16C}") = "docker-compose", "docker-compose.dcproj", "{B35B2861-4742-4517-A81D-9EEBE590ED08}"
EndProject
Project("{2150E333-8FDC-42A3-9474-1A3956D46DE8}") = "SmartHome", "SmartHome", "{B0B0B14E-48E5-400D-949E-6E478913988C}"
EndProject
Project("{FAE04EC0-301F-11D3-BF4B-00C04F79EFBC}") = "SmartHome.API", "SmartHome\SmartHome.API\SmartHome.API.csproj", "{F804FA8E-ECEA-419F-A66B-415302A23053}"
EndProject
Project("{FAE04EC0-301F-11D3-BF4B-00C04F79EFBC}") = "SmartHome.Application", "SmartHome\SmartHome.Application\SmartHome.Application.csproj", "{8F32BEA4-7F2A-4BB9-A06B-3E26898C7225}"
EndProject
Project("{FAE04EC0-301F-11D3-BF4B-00C04F79EFBC}") = "SmartHome.Infrastructure", "SmartHome\SmartHome.Infrastructure\SmartHome.Infrastructure.csproj", "{7E429A94-1509-4805-AEE8-B4D84D0414EE}"
EndProject
Project("{FAE04EC0-301F-11D3-BF4B-00C04F79EFBC}") = "SmartHome.Domain", "SmartHome\SmartHome.Domain\SmartHome.Domain.csproj", "{C3993EC6-F0FA-4AF8-A69B-EF41B912A07B}"
EndProject
Global
	GlobalSection(SolutionConfigurationPlatforms) = preSolution
		Debug|Any CPU = Debug|Any CPU
		Release|Any CPU = Release|Any CPU
	EndGlobalSection
	GlobalSection(ProjectConfigurationPlatforms) = postSolution
		{444C3BA7-57B4-4713-A615-F1CCE3550184}.Debug|Any CPU.ActiveCfg = Debug|Any CPU
		{444C3BA7-57B4-4713-A615-F1CCE3550184}.Debug|Any CPU.Build.0 = Debug|Any CPU
		{444C3BA7-57B4-4713-A615-F1CCE3550184}.Release|Any CPU.ActiveCfg = Release|Any CPU
		{444C3BA7-57B4-4713-A615-F1CCE3550184}.Release|Any CPU.Build.0 = Release|Any CPU
		{320A87B5-A16E-4527-8F9A-E4FA5C1B8C8A}.Debug|Any CPU.ActiveCfg = Debug|Any CPU
		{320A87B5-A16E-4527-8F9A-E4FA5C1B8C8A}.Debug|Any CPU.Build.0 = Debug|Any CPU
		{320A87B5-A16E-4527-8F9A-E4FA5C1B8C8A}.Release|Any CPU.ActiveCfg = Release|Any CPU
		{320A87B5-A16E-4527-8F9A-E4FA5C1B8C8A}.Release|Any CPU.Build.0 = Release|Any CPU
		{4048124B-5E7B-44BF-A61E-F5F041C758D9}.Debug|Any CPU.ActiveCfg = Debug|Any CPU
		{4048124B-5E7B-44BF-A61E-F5F041C758D9}.Debug|Any CPU.Build.0 = Debug|Any CPU
		{4048124B-5E7B-44BF-A61E-F5F041C758D9}.Release|Any CPU.ActiveCfg = Release|Any CPU
		{4048124B-5E7B-44BF-A61E-F5F041C758D9}.Release|Any CPU.Build.0 = Release|Any CPU
		{B35B2861-4742-4517-A81D-9EEBE590ED08}.Debug|Any CPU.ActiveCfg = Debug|Any CPU
		{B35B2861-4742-4517-A81D-9EEBE590ED08}.Debug|Any CPU.Build.0 = Debug|Any CPU
		{B35B2861-4742-4517-A81D-9EEBE590ED08}.Release|Any CPU.ActiveCfg = Release|Any CPU
		{B35B2861-4742-4517-A81D-9EEBE590ED08}.Release|Any CPU.Build.0 = Release|Any CPU
		{F804FA8E-ECEA-419F-A66B-415302A23053}.Debug|Any CPU.ActiveCfg = Debug|Any CPU
		{F804FA8E-ECEA-419F-A66B-415302A23053}.Debug|Any CPU.Build.0 = Debug|Any CPU
		{F804FA8E-ECEA-419F-A66B-415302A23053}.Release|Any CPU.ActiveCfg = Release|Any CPU
		{F804FA8E-ECEA-419F-A66B-415302A23053}.Release|Any CPU.Build.0 = Release|Any CPU
		{8F32BEA4-7F2A-4BB9-A06B-3E26898C7225}.Debug|Any CPU.ActiveCfg = Debug|Any CPU
		{8F32BEA4-7F2A-4BB9-A06B-3E26898C7225}.Debug|Any CPU.Build.0 = Debug|Any CPU
		{8F32BEA4-7F2A-4BB9-A06B-3E26898C7225}.Release|Any CPU.ActiveCfg = Release|Any CPU
		{8F32BEA4-7F2A-4BB9-A06B-3E26898C7225}.Release|Any CPU.Build.0 = Release|Any CPU
		{7E429A94-1509-4805-AEE8-B4D84D0414EE}.Debug|Any CPU.ActiveCfg = Debug|Any CPU
		{7E429A94-1509-4805-AEE8-B4D84D0414EE}.Debug|Any CPU.Build.0 = Debug|Any CPU
		{7E429A94-1509-4805-AEE8-B4D84D0414EE}.Release|Any CPU.ActiveCfg = Release|Any CPU
		{7E429A94-1509-4805-AEE8-B4D84D0414EE}.Release|Any CPU.Build.0 = Release|Any CPU
		{C3993EC6-F0FA-4AF8-A69B-EF41B912A07B}.Debug|Any CPU.ActiveCfg = Debug|Any CPU
		{C3993EC6-F0FA-4AF8-A69B-EF41B912A07B}.Debug|Any CPU.Build.0 = Debug|Any CPU
		{C3993EC6-F0FA-4AF8-A69B-EF41B912A07B}.Release|Any CPU.ActiveCfg = Release|Any CPU
		{C3993EC6-F0FA-4AF8-A69B-EF41B912A07B}.Release|Any CPU.Build.0 = Release|Any CPU
	EndGlobalSection
	GlobalSection(SolutionProperties) = preSolution
		HideSolutionNode = FALSE
	EndGlobalSection
	GlobalSection(NestedProjects) = preSolution
		{444C3BA7-57B4-4713-A615-F1CCE3550184} = {D5DD7A97-689A-4D0C-943F-D7DAC80621DE}
		{320A87B5-A16E-4527-8F9A-E4FA5C1B8C8A} = {D956FC34-2CA5-4100-9031-5F016FF7D694}
		{4048124B-5E7B-44BF-A61E-F5F041C758D9} = {D956FC34-2CA5-4100-9031-5F016FF7D694}
		{F804FA8E-ECEA-419F-A66B-415302A23053} = {B0B0B14E-48E5-400D-949E-6E478913988C}
		{8F32BEA4-7F2A-4BB9-A06B-3E26898C7225} = {B0B0B14E-48E5-400D-949E-6E478913988C}
		{7E429A94-1509-4805-AEE8-B4D84D0414EE} = {B0B0B14E-48E5-400D-949E-6E478913988C}
		{C3993EC6-F0FA-4AF8-A69B-EF41B912A07B} = {B0B0B14E-48E5-400D-949E-6E478913988C}
	EndGlobalSection
EndGlobal
